
Microsoft Visual Studio Solution File, Format Version 12.00
# Visual Studio Version 17
VisualStudioVersion = 17.4.33122.133
MinimumVisualStudioVersion = 10.0.40219.1
Project("{FAE04EC0-301F-11D3-BF4B-00C04F79EFBC}") = "Tic Tac Toe", "Tic Tac Toe\Tic Tac Toe.csproj", "{90798E52-131A-4965-AC43-A061D3BA50FE}"
EndProject
Global
	GlobalSection(SolutionConfigurationPlatforms) = preSolution
		Debug|Any CPU = Debug|Any CPU
		Release|Any CPU = Release|Any CPU
	EndGlobalSection
	GlobalSection(ProjectConfigurationPlatforms) = postSolution
		{90798E52-131A-4965-AC43-A061D3BA50FE}.Debug|Any CPU.ActiveCfg = Debug|Any CPU
		{90798E52-131A-4965-AC43-A061D3BA50FE}.Debug|Any CPU.Build.0 = Debug|Any CPU
		{90798E52-131A-4965-AC43-A061D3BA50FE}.Release|Any CPU.ActiveCfg = Release|Any CPU
		{90798E52-131A-4965-AC43-A061D3BA50FE}.Release|Any CPU.Build.0 = Release|Any CPU
	EndGlobalSection
	GlobalSection(SolutionProperties) = preSolution
		HideSolutionNode = FALSE
	EndGlobalSection
	GlobalSection(ExtensibilityGlobals) = postSolution
		SolutionGuid = {64A51038-4A95-4CEA-B2A2-923AEDEF4569}
	EndGlobalSection
EndGlobal
